
Microsoft Visual Studio Solution File, Format Version 12.00
# Visual Studio Version 16
VisualStudioVersion = 16.0.30804.86
MinimumVisualStudioVersion = 10.0.40219.1
Project("{8BC9CEB8-8B4A-11D0-8D11-00A0C91BC942}") = "oop1.1", "oop1.1\oop1.1.vcxproj", "{54BD2189-3295-4897-B3CE-880ABFB9000F}"
EndProject
Project("{8BC9CEB8-8B4A-11D0-8D11-00A0C91BC942}") = "UnitTest1_1", "UnitTest1_1\UnitTest1_1.vcxproj", "{5C882CF6-2792-400C-B7AC-745CDA6B56DB}"
EndProject
Global
	GlobalSection(SolutionConfigurationPlatforms) = preSolution
		Debug|x64 = Debug|x64
		Debug|x86 = Debug|x86
		Release|x64 = Release|x64
		Release|x86 = Release|x86
	EndGlobalSection
	GlobalSection(ProjectConfigurationPlatforms) = postSolution
		{54BD2189-3295-4897-B3CE-880ABFB9000F}.Debug|x64.ActiveCfg = Debug|x64
		{54BD2189-3295-4897-B3CE-880ABFB9000F}.Debug|x64.Build.0 = Debug|x64
		{54BD2189-3295-4897-B3CE-880ABFB9000F}.Debug|x86.ActiveCfg = Debug|Win32
		{54BD2189-3295-4897-B3CE-880ABFB9000F}.Debug|x86.Build.0 = Debug|Win32
		{54BD2189-3295-4897-B3CE-880ABFB9000F}.Release|x64.ActiveCfg = Release|x64
		{54BD2189-3295-4897-B3CE-880ABFB9000F}.Release|x64.Build.0 = Release|x64
		{54BD2189-3295-4897-B3CE-880ABFB9000F}.Release|x86.ActiveCfg = Release|Win32
		{54BD2189-3295-4897-B3CE-880ABFB9000F}.Release|x86.Build.0 = Release|Win32
		{5C882CF6-2792-400C-B7AC-745CDA6B56DB}.Debug|x64.ActiveCfg = Debug|x64
		{5C882CF6-2792-400C-B7AC-745CDA6B56DB}.Debug|x64.Build.0 = Debug|x64
		{5C882CF6-2792-400C-B7AC-745CDA6B56DB}.Debug|x86.ActiveCfg = Debug|Win32
		{5C882CF6-2792-400C-B7AC-745CDA6B56DB}.Debug|x86.Build.0 = Debug|Win32
		{5C882CF6-2792-400C-B7AC-745CDA6B56DB}.Release|x64.ActiveCfg = Release|x64
		{5C882CF6-2792-400C-B7AC-745CDA6B56DB}.Release|x64.Build.0 = Release|x64
		{5C882CF6-2792-400C-B7AC-745CDA6B56DB}.Release|x86.ActiveCfg = Release|Win32
		{5C882CF6-2792-400C-B7AC-745CDA6B56DB}.Release|x86.Build.0 = Release|Win32
	EndGlobalSection
	GlobalSection(SolutionProperties) = preSolution
		HideSolutionNode = FALSE
	EndGlobalSection
	GlobalSection(ExtensibilityGlobals) = postSolution
		SolutionGuid = {E81FC3EA-78F6-4C89-919B-AF7B13C26ECB}
	EndGlobalSection
EndGlobal
